<?xml version="1.0" encoding="utf-8"?>
<Project ToolsVersion="4.0" xmlns="http://schemas.microsoft.com/developer/msbuild/2003">
  <ItemGroup>
    <Filter Include="Source Files">
      <UniqueIdentifier>{4FC737F1-C7A5-4376-A066-2A32D752A2FF}</UniqueIdentifier>
      <Extensions>cpp;c;cc;cxx;def;odl;idl;hpj;bat;asm;asmx</Extensions>
    </Filter>
    <Filter Include="Header Files">
      <UniqueIdentifier>{93995380-89BD-4b04-88EB-625FBE52EBFB}</UniqueIdentifier>
      <Extensions>h;hh;hpp;hxx;hm;inl;inc;xsd</Extensions>
    </Filter>
    <Filter Include="Resource Files">
      <UniqueIdentifier>{67DA6AB6-F800-4c08-8B7A-83BB121AAD01}</UniqueIdentifier>
      <Extensions>rc;ico;cur;bmp;dlg;rc2;rct;bin;rgs;gif;jpg;jpeg;jpe;resx;tiff;tif;png;wav;mfcribbon-ms</Extensions>
    </Filter>
  </ItemGroup>
  <ItemGroup>
    <ClCompile Include="SnipEx.c">
      <Filter>Source Files</Filter>
    </ClCompile>
  </ItemGroup>
  <ItemGroup>
    <ClInclude Include="resource.h">
      <Filter>Header Files</Filter>
    </ClInclude>
    <ClInclude Include="SnipEx.h">
      <Filter>Header Files</Filter>
    </ClInclude>
    <ClInclude Include="ButtonDefs.h">
      <Filter>Header Files</Filter>
    </ClInclude>
    <ClInclude Include="GdiPlusInterop.h">
      <Filter>Header Files</Filter>
    </ClInclude>
  </ItemGroup>
  <ItemGroup>
    <ResourceCompile Include="SnipEx.rc">
      <Filter>Resource Files</Filter>
    </ResourceCompile>
  </ItemGroup>
  <ItemGroup>
    <Image Include="Assets\Scissors256x256Color.ico">
      <Filter>Resource Files</Filter>
    </Image>
    <Image Include="Assets\Clock32x32.bmp">
      <Filter>Resource Files</Filter>
    </Image>
    <Image Include="Assets\Scissors32x32.bmp">
      <Filter>Resource Files</Filter>
    </Image>
    <Image Include="Assets\Floppy32x32Disabled.bmp">
      <Filter>Resource Files</Filter>
    </Image>
    <Image Include="Assets\Floppy32x32Enabled.bmp">
      <Filter>Resource Files</Filter>
    </Image>
    <Image Include="Assets\Clipboard32x32.bmp">
      <Filter>Resource Files</Filter>
    </Image>
    <Image Include="Assets\Clipboard32x32Disabled.bmp">
      <Filter>Resource Files</Filter>
    </Image>
    <Image Include="Assets\Hilighter32x32Disabled.bmp">
      <Filter>Resource Files</Filter>
    </Image>
    <Image Include="Assets\Box32x32Disabled.bmp">
      <Filter>Resource Files</Filter>
    </Image>
    <Image Include="Assets\UAC_8bpp.bmp">
      <Filter>Resource Files</Filter>
    </Image>
    <Image Include="Assets\Arrow32x32Disabled.bmp">
      <Filter>Resource Files</Filter>
    </Image>
    <Image Include="Assets\Redact32x32.bmp">
      <Filter>Resource Files</Filter>
    </Image>
    <Image Include="Assets\Redact32x32Disabled.bmp">
      <Filter>Resource Files</Filter>
    </Image>
    <Image Include="Assets\Arrow32x32Red.bmp">
      <Filter>Resource Files</Filter>
    </Image>
    <Image Include="Assets\Arrow32x32Green.bmp">
      <Filter>Resource Files</Filter>
    </Image>
    <Image Include="Assets\Arrow32x32Blue.bmp">
      <Filter>Resource Files</Filter>
    </Image>
    <Image Include="Assets\YellowHilighter32x32.bmp">
      <Filter>Resource Files</Filter>
    </Image>
    <Image Include="Assets\PinkHilighter32x32.bmp">
      <Filter>Resource Files</Filter>
    </Image>
    <Image Include="Assets\OrangeHilighter32x32.bmp">
      <Filter>Resource Files</Filter>
    </Image>
    <Image Include="Assets\GreenHilighter32x32.bmp">
      <Filter>Resource Files</Filter>
    </Image>
    <Image Include="Assets\RedBox32x32.bmp">
      <Filter>Resource Files</Filter>
    </Image>
    <Image Include="Assets\GreenBox32x32.bmp">
      <Filter>Resource Files</Filter>
    </Image>
    <Image Include="Assets\BlueBox32x32.bmp">
      <Filter>Resource Files</Filter>
    </Image>
    <Image Include="Assets\BlackBox32x32.bmp">
      <Filter>Resource Files</Filter>
    </Image>
    <Image Include="Assets\WhiteBox32x32.bmp">
      <Filter>Resource Files</Filter>
    </Image>
    <Image Include="Assets\YellowBox32x32.bmp">
      <Filter>Resource Files</Filter>
    </Image>
    <Image Include="Assets\Arrow32x32Black.bmp">
      <Filter>Resource Files</Filter>
    </Image>
    <Image Include="Assets\Arrow32x32White.bmp">
      <Filter>Resource Files</Filter>
    </Image>
    <Image Include="Assets\Arrow32x32Yellow.bmp">
      <Filter>Resource Files</Filter>
    </Image>
    <Image Include="Assets\Text32x32.bmp">
      <Filter>Resource Files</Filter>
    </Image>
    <Image Include="Assets\Text32x32D.bmp">
      <Filter>Resource Files</Filter>
    </Image>
  </ItemGroup>
  <ItemGroup>
    <None Include="Assets\RedactCursor.cur">
      <Filter>Resource Files</Filter>
    </None>
    <None Include="Assets\BlueBoxCursor.cur">
      <Filter>Resource Files</Filter>
    </None>
    <None Include="Assets\GreenBoxCursor.cur">
      <Filter>Resource Files</Filter>
    </None>
    <None Include="Assets\RedBoxCursor.cur">
      <Filter>Resource Files</Filter>
    </None>
    <None Include="Assets\YellowHilighterCursor.cur">
      <Filter>Resource Files</Filter>
    </None>
    <None Include="Assets\PinkHilighterCursor.cur">
      <Filter>Resource Files</Filter>
    </None>
    <None Include="Assets\OrangeHilighterCursor.cur">
      <Filter>Resource Files</Filter>
    </None>
    <None Include="Assets\GreenHilighterCursor.cur">
      <Filter>Resource Files</Filter>
    </None>
    <None Include="Assets\BlackBoxCursor.cur">
      <Filter>Resource Files</Filter>
    </None>
    <None Include="Assets\WhiteBoxCursor.cur">
      <Filter>Resource Files</Filter>
    </None>
    <None Include="Assets\YellowBoxCursor.cur">
      <Filter>Resource Files</Filter>
    </None>
    <None Include="Assets\TextCursor.cur">
      <Filter>Resource Files</Filter>
    </None>
  </ItemGroup>
</Project>